
Microsoft Visual Studio Solution File, Format Version 12.00
# Visual Studio 15
VisualStudioVersion = 15.0.28010.2019
MinimumVisualStudioVersion = 10.0.40219.1
Project("{FAE04EC0-301F-11D3-BF4B-00C04F79EFBC}") = "program4", "program4\program4.csproj", "{C793C963-4CD0-4258-9C99-B4C334FA9455}"
EndProject
Global
	GlobalSection(SolutionConfigurationPlatforms) = preSolution
		Debug|Any CPU = Debug|Any CPU
		Release|Any CPU = Release|Any CPU
	EndGlobalSection
	GlobalSection(ProjectConfigurationPlatforms) = postSolution
		{C793C963-4CD0-4258-9C99-B4C334FA9455}.Debug|Any CPU.ActiveCfg = Debug|Any CPU
		{C793C963-4CD0-4258-9C99-B4C334FA9455}.Debug|Any CPU.Build.0 = Debug|Any CPU
		{C793C963-4CD0-4258-9C99-B4C334FA9455}.Release|Any CPU.ActiveCfg = Release|Any CPU
		{C793C963-4CD0-4258-9C99-B4C334FA9455}.Release|Any CPU.Build.0 = Release|Any CPU
	EndGlobalSection
	GlobalSection(SolutionProperties) = preSolution
		HideSolutionNode = FALSE
	EndGlobalSection
	GlobalSection(ExtensibilityGlobals) = postSolution
		SolutionGuid = {E9686028-7BF3-47A6-854B-4646995B2884}
	EndGlobalSection
EndGlobal
